// !$*UTF8*$!
{
	archiveVersion = 1;
	classes = {
	};
	objectVersion = 44;
	objects = {

/* Begin PBXBuildFile section */
		C76BF9011E351BA800757B42 /* Evolution.cpp in Sources */ = {isa = PBXBuildFile; fileRef = C76BF8F71E351BA800757B42 /* Evolution.cpp */; };
		C76BF9021E351BA800757B42 /* Evolution.hpp in Headers */ = {isa = PBXBuildFile; fileRef = C76BF8F81E351BA800757B42 /* Evolution.hpp */; };
		C76BF9031E351BA800757B42 /* main.cpp in Sources */ = {isa = PBXBuildFile; fileRef = C76BF8F91E351BA800757B42 /* main.cpp */; };
		C76BF9041E351BA800757B42 /* FitnessFuncs.cpp in Sources */ = {isa = PBXBuildFile; fileRef = C76BF8FA1E351BA800757B42 /* FitnessFuncs.cpp */; };
		C76BF9051E351BA800757B42 /* FitnessFuncs.hpp in Headers */ = {isa = PBXBuildFile; fileRef = C76BF8FB1E351BA800757B42 /* FitnessFuncs.hpp */; };
		C76BF9071E351BA800757B42 /* Individual.cpp in Sources */ = {isa = PBXBuildFile; fileRef = C76BF8FD1E351BA800757B42 /* Individual.cpp */; };
		C76BF9081E351BA800757B42 /* Individual.hpp in Headers */ = {isa = PBXBuildFile; fileRef = C76BF8FE1E351BA800757B42 /* Individual.hpp */; };
		C76BF9091E351BA800757B42 /* Population.cpp in Sources */ = {isa = PBXBuildFile; fileRef = C76BF8FF1E351BA800757B42 /* Population.cpp */; };
		C76BF90A1E351BA800757B42 /* Population.hpp in Headers */ = {isa = PBXBuildFile; fileRef = C76BF9001E351BA800757B42 /* Population.hpp */; };
		C76BF90D1E351BE900757B42 /* helpingThreads.h in Headers */ = {isa = PBXBuildFile; fileRef = C76BF90C1E351BE900757B42 /* helpingThreads.h */; };
		C7B49E121E35FAFB0067910B /* Evolva.cpp in Sources */ = {isa = PBXBuildFile; fileRef = C7B49E101E35FAFB0067910B /* Evolva.cpp */; };
		C7B49E131E35FAFB0067910B /* Evolva.hpp in Headers */ = {isa = PBXBuildFile; fileRef = C7B49E111E35FAFB0067910B /* Evolva.hpp */; };
		C7E1077E1E22B93C00D55B23 /* MaxAudioAPI.framework in Frameworks */ = {isa = PBXBuildFile; fileRef = C7E1077D1E22B93C00D55B23 /* MaxAudioAPI.framework */; };
/* End PBXBuildFile section */

/* Begin PBXFileReference section */
		22CF10220EE984600054F513 /* maxmspsdk.xcconfig */ = {isa = PBXFileReference; fileEncoding = 4; lastKnownFileType = text.xcconfig; name = maxmspsdk.xcconfig; path = ../../maxmspsdk.xcconfig; sourceTree = SOURCE_ROOT; };
		2FBBEAE508F335360078DB84 /* evolva.mxo */ = {isa = PBXFileReference; explicitFileType = wrapper.cfbundle; includeInIndex = 0; path = evolva.mxo; sourceTree = BUILT_PRODUCTS_DIR; };
		36C5493616F558AA0054C037 /* maxcpp.h */ = {isa = PBXFileReference; fileEncoding = 4; lastKnownFileType = sourcecode.c.h; path = maxcpp.h; sourceTree = "<group>"; };
		C76BF8F61E351B7B00757B42 /* README.md */ = {isa = PBXFileReference; lastKnownFileType = net.daringfireball.markdown; path = README.md; sourceTree = "<group>"; };
		C76BF8F71E351BA800757B42 /* Evolution.cpp */ = {isa = PBXFileReference; fileEncoding = 4; lastKnownFileType = sourcecode.cpp.cpp; name = Evolution.cpp; path = src/Evolution.cpp; sourceTree = "<group>"; };
		C76BF8F81E351BA800757B42 /* Evolution.hpp */ = {isa = PBXFileReference; fileEncoding = 4; lastKnownFileType = sourcecode.cpp.h; name = Evolution.hpp; path = src/Evolution.hpp; sourceTree = "<group>"; };
		C76BF8F91E351BA800757B42 /* main.cpp */ = {isa = PBXFileReference; fileEncoding = 4; lastKnownFileType = sourcecode.cpp.cpp; name = main.cpp; path = src/main.cpp; sourceTree = "<group>"; };
		C76BF8FA1E351BA800757B42 /* FitnessFuncs.cpp */ = {isa = PBXFileReference; fileEncoding = 4; lastKnownFileType = sourcecode.cpp.cpp; name = FitnessFuncs.cpp; path = src/FitnessFuncs.cpp; sourceTree = "<group>"; };
		C76BF8FB1E351BA800757B42 /* FitnessFuncs.hpp */ = {isa = PBXFileReference; fileEncoding = 4; lastKnownFileType = sourcecode.cpp.h; name = FitnessFuncs.hpp; path = src/FitnessFuncs.hpp; sourceTree = "<group>"; };
		C76BF8FD1E351BA800757B42 /* Individual.cpp */ = {isa = PBXFileReference; fileEncoding = 4; lastKnownFileType = sourcecode.cpp.cpp; name = Individual.cpp; path = src/Individual.cpp; sourceTree = "<group>"; };
		C76BF8FE1E351BA800757B42 /* Individual.hpp */ = {isa = PBXFileReference; fileEncoding = 4; lastKnownFileType = sourcecode.cpp.h; name = Individual.hpp; path = src/Individual.hpp; sourceTree = "<group>"; };
		C76BF8FF1E351BA800757B42 /* Population.cpp */ = {isa = PBXFileReference; fileEncoding = 4; lastKnownFileType = sourcecode.cpp.cpp; name = Population.cpp; path = src/Population.cpp; sourceTree = "<group>"; };
		C76BF9001E351BA800757B42 /* Population.hpp */ = {isa = PBXFileReference; fileEncoding = 4; lastKnownFileType = sourcecode.cpp.h; name = Population.hpp; path = src/Population.hpp; sourceTree = "<group>"; };
		C76BF90C1E351BE900757B42 /* helpingThreads.h */ = {isa = PBXFileReference; fileEncoding = 4; lastKnownFileType = sourcecode.c.h; name = helpingThreads.h; path = includes/helpingThreads.h; sourceTree = "<group>"; };
		C7B49E101E35FAFB0067910B /* Evolva.cpp */ = {isa = PBXFileReference; fileEncoding = 4; lastKnownFileType = sourcecode.cpp.cpp; name = Evolva.cpp; path = src/Evolva.cpp; sourceTree = "<group>"; };
		C7B49E111E35FAFB0067910B /* Evolva.hpp */ = {isa = PBXFileReference; fileEncoding = 4; lastKnownFileType = sourcecode.cpp.h; name = Evolva.hpp; path = src/Evolva.hpp; sourceTree = "<group>"; };
		C7E1077D1E22B93C00D55B23 /* MaxAudioAPI.framework */ = {isa = PBXFileReference; lastKnownFileType = wrapper.framework; name = MaxAudioAPI.framework; path = "../../../source/c74support/msp-includes/MaxAudioAPI.framework"; sourceTree = "<group>"; };
/* End PBXFileReference section */

/* Begin PBXFrameworksBuildPhase section */
		2FBBEADC08F335360078DB84 /* Frameworks */ = {
			isa = PBXFrameworksBuildPhase;
			buildActionMask = 2147483647;
			files = (
				C7E1077E1E22B93C00D55B23 /* MaxAudioAPI.framework in Frameworks */,
			);
			runOnlyForDeploymentPostprocessing = 0;
		};
/* End PBXFrameworksBuildPhase section */

/* Begin PBXGroup section */
		089C166AFE841209C02AAC07 /* iterator */ = {
			isa = PBXGroup;
			children = (
				C7E1077D1E22B93C00D55B23 /* MaxAudioAPI.framework */,
				C76BF8F61E351B7B00757B42 /* README.md */,
				C76BF90B1E351BD300757B42 /* src */,
				C71D4C2A1E2F94D2006FBD6B /* includes */,
				36C5491F16F557E00054C037 /* maxcpp */,
				19C28FB4FE9D528D11CA2CBB /* Products */,
			);
			name = iterator;
			sourceTree = "<group>";
		};
		19C28FB4FE9D528D11CA2CBB /* Products */ = {
			isa = PBXGroup;
			children = (
				2FBBEAE508F335360078DB84 /* evolva.mxo */,
			);
			name = Products;
			sourceTree = "<group>";
		};
		36C5491F16F557E00054C037 /* maxcpp */ = {
			isa = PBXGroup;
			children = (
				36C5493616F558AA0054C037 /* maxcpp.h */,
			);
			name = maxcpp;
			path = ../../maxcpp;
			sourceTree = SOURCE_ROOT;
		};
		C71D4C2A1E2F94D2006FBD6B /* includes */ = {
			isa = PBXGroup;
			children = (
				C76BF90C1E351BE900757B42 /* helpingThreads.h */,
				22CF10220EE984600054F513 /* maxmspsdk.xcconfig */,
			);
			name = includes;
			sourceTree = "<group>";
		};
		C76BF90B1E351BD300757B42 /* src */ = {
			isa = PBXGroup;
			children = (
				C76BF8F91E351BA800757B42 /* main.cpp */,
				C7B49E101E35FAFB0067910B /* Evolva.cpp */,
				C7B49E111E35FAFB0067910B /* Evolva.hpp */,
				C76BF8F71E351BA800757B42 /* Evolution.cpp */,
				C76BF8F81E351BA800757B42 /* Evolution.hpp */,
				C76BF8FF1E351BA800757B42 /* Population.cpp */,
				C76BF9001E351BA800757B42 /* Population.hpp */,
				C76BF8FE1E351BA800757B42 /* Individual.hpp */,
				C76BF8FD1E351BA800757B42 /* Individual.cpp */,
				C76BF8FA1E351BA800757B42 /* FitnessFuncs.cpp */,
				C76BF8FB1E351BA800757B42 /* FitnessFuncs.hpp */,
			);
			name = src;
			sourceTree = "<group>";
		};
/* End PBXGroup section */

/* Begin PBXHeadersBuildPhase section */
		2FBBEAD708F335360078DB84 /* Headers */ = {
			isa = PBXHeadersBuildPhase;
			buildActionMask = 2147483647;
			files = (
				C76BF90A1E351BA800757B42 /* Population.hpp in Headers */,
				C76BF90D1E351BE900757B42 /* helpingThreads.h in Headers */,
				C76BF9021E351BA800757B42 /* Evolution.hpp in Headers */,
				C7B49E131E35FAFB0067910B /* Evolva.hpp in Headers */,
				C76BF9081E351BA800757B42 /* Individual.hpp in Headers */,
				C76BF9051E351BA800757B42 /* FitnessFuncs.hpp in Headers */,
			);
			runOnlyForDeploymentPostprocessing = 0;
		};
/* End PBXHeadersBuildPhase section */

/* Begin PBXNativeTarget section */
		2FBBEAD608F335360078DB84 /* max-external */ = {
			isa = PBXNativeTarget;
			buildConfigurationList = 2FBBEAE008F335360078DB84 /* Build configuration list for PBXNativeTarget "max-external" */;
			buildPhases = (
				2FBBEAD708F335360078DB84 /* Headers */,
				2FBBEAD808F335360078DB84 /* Resources */,
				2FBBEADA08F335360078DB84 /* Sources */,
				2FBBEADC08F335360078DB84 /* Frameworks */,
				2FBBEADF08F335360078DB84 /* Rez */,
			);
			buildRules = (
			);
			dependencies = (
			);
			name = "max-external";
			productName = iterator;
			productReference = 2FBBEAE508F335360078DB84 /* evolva.mxo */;
			productType = "com.apple.product-type.bundle";
		};
/* End PBXNativeTarget section */

/* Begin PBXProject section */
		089C1669FE841209C02AAC07 /* Project object */ = {
			isa = PBXProject;
			attributes = {
			};
			buildConfigurationList = 2FBBEACF08F335010078DB84 /* Build configuration list for PBXProject "evolva" */;
			compatibilityVersion = "Xcode 3.0";
			developmentRegion = English;
			hasScannedForEncodings = 1;
			knownRegions = (
				English,
				Japanese,
				French,
				German,
			);
			mainGroup = 089C166AFE841209C02AAC07 /* iterator */;
			projectDirPath = "";
			projectRoot = "";
			targets = (
				2FBBEAD608F335360078DB84 /* max-external */,
			);
		};
/* End PBXProject section */

/* Begin PBXResourcesBuildPhase section */
		2FBBEAD808F335360078DB84 /* Resources */ = {
			isa = PBXResourcesBuildPhase;
			buildActionMask = 2147483647;
			files = (
			);
			runOnlyForDeploymentPostprocessing = 0;
		};
/* End PBXResourcesBuildPhase section */

/* Begin PBXRezBuildPhase section */
		2FBBEADF08F335360078DB84 /* Rez */ = {
			isa = PBXRezBuildPhase;
			buildActionMask = 2147483647;
			files = (
			);
			runOnlyForDeploymentPostprocessing = 0;
		};
/* End PBXRezBuildPhase section */

/* Begin PBXSourcesBuildPhase section */
		2FBBEADA08F335360078DB84 /* Sources */ = {
			isa = PBXSourcesBuildPhase;
			buildActionMask = 2147483647;
			files = (
				C76BF9071E351BA800757B42 /* Individual.cpp in Sources */,
				C76BF9091E351BA800757B42 /* Population.cpp in Sources */,
				C7B49E121E35FAFB0067910B /* Evolva.cpp in Sources */,
				C76BF9011E351BA800757B42 /* Evolution.cpp in Sources */,
				C76BF9041E351BA800757B42 /* FitnessFuncs.cpp in Sources */,
				C76BF9031E351BA800757B42 /* main.cpp in Sources */,
			);
			runOnlyForDeploymentPostprocessing = 0;
		};
/* End PBXSourcesBuildPhase section */

/* Begin XCBuildConfiguration section */
		2FBBEAD008F335010078DB84 /* Development */ = {
			isa = XCBuildConfiguration;
			buildSettings = {
				CLANG_CXX_LANGUAGE_STANDARD = "compiler-default";
				MACOSX_DEPLOYMENT_TARGET = 10.7;
			};
			name = Development;
		};
		2FBBEAD108F335010078DB84 /* Deployment */ = {
			isa = XCBuildConfiguration;
			buildSettings = {
				CLANG_CXX_LANGUAGE_STANDARD = "compiler-default";
				MACOSX_DEPLOYMENT_TARGET = 10.7;
			};
			name = Deployment;
		};
		2FBBEAE108F335360078DB84 /* Development */ = {
			isa = XCBuildConfiguration;
			baseConfigurationReference = 22CF10220EE984600054F513 /* maxmspsdk.xcconfig */;
			buildSettings = {
				CLANG_CXX_LANGUAGE_STANDARD = "compiler-default";
				CLANG_CXX_LIBRARY = "compiler-default";
				COPY_PHASE_STRIP = NO;
				GCC_OPTIMIZATION_LEVEL = 0;
				HEADER_SEARCH_PATHS = (
					/Developer/Headers/FlatCarbon,
					"\"$(C74SUPPORT)/max-includes\"",
					"\"$(C74SUPPORT)/msp-includes\"",
					"\"$(C74SUPPORT)/jit-includes\"",
					../../maxcpp,
					"$(PROJECT_DIR)/includes",
				);
				MACOSX_DEPLOYMENT_TARGET = 10.12;
				OTHER_LDFLAGS = "$(C74_SYM_LINKER_FLAGS)";
				PRODUCT_NAME = evolva;
			};
			name = Development;
		};
		2FBBEAE208F335360078DB84 /* Deployment */ = {
			isa = XCBuildConfiguration;
			baseConfigurationReference = 22CF10220EE984600054F513 /* maxmspsdk.xcconfig */;
			buildSettings = {
				CLANG_CXX_LANGUAGE_STANDARD = "compiler-default";
				CLANG_CXX_LIBRARY = "compiler-default";
				COPY_PHASE_STRIP = YES;
				HEADER_SEARCH_PATHS = (
					/Developer/Headers/FlatCarbon,
					"\"$(C74SUPPORT)/max-includes\"",
					"\"$(C74SUPPORT)/msp-includes\"",
					"\"$(C74SUPPORT)/jit-includes\"",
					../../maxcpp,
					"$(PROJECT_DIR)/includes",
				);
				MACOSX_DEPLOYMENT_TARGET = 10.12;
				OTHER_LDFLAGS = "$(C74_SYM_LINKER_FLAGS)";
				PRODUCT_NAME = evolva;
			};
			name = Deployment;
		};
/* End XCBuildConfiguration section */

/* Begin XCConfigurationList section */
		2FBBEACF08F335010078DB84 /* Build configuration list for PBXProject "evolva" */ = {
			isa = XCConfigurationList;
			buildConfigurations = (
				2FBBEAD008F335010078DB84 /* Development */,
				2FBBEAD108F335010078DB84 /* Deployment */,
			);
			defaultConfigurationIsVisible = 0;
			defaultConfigurationName = Development;
		};
		2FBBEAE008F335360078DB84 /* Build configuration list for PBXNativeTarget "max-external" */ = {
			isa = XCConfigurationList;
			buildConfigurations = (
				2FBBEAE108F335360078DB84 /* Development */,
				2FBBEAE208F335360078DB84 /* Deployment */,
			);
			defaultConfigurationIsVisible = 0;
			defaultConfigurationName = Development;
		};
/* End XCConfigurationList section */
	};
	rootObject = 089C1669FE841209C02AAC07 /* Project object */;
}
